// !$*UTF8*$!
{
	archiveVersion = 1;
	classes = {
	};
	objectVersion = 46;
	objects = {

/* Begin PBXBuildFile section */
		A307A34D1C1E8CF60007CCF6 /* main.m in Sources */ = {isa = PBXBuildFile; fileRef = A307A34C1C1E8CF60007CCF6 /* main.m */; };
		A307A3501C1E8CF60007CCF6 /* AppDelegate.m in Sources */ = {isa = PBXBuildFile; fileRef = A307A34F1C1E8CF60007CCF6 /* AppDelegate.m */; };
		A307A3531C1E8CF60007CCF6 /* ViewController.m in Sources */ = {isa = PBXBuildFile; fileRef = A307A3521C1E8CF60007CCF6 /* ViewController.m */; };
		A307A3561C1E8CF60007CCF6 /* Main.storyboard in Resources */ = {isa = PBXBuildFile; fileRef = A307A3541C1E8CF60007CCF6 /* Main.storyboard */; };
		A307A3581C1E8CF60007CCF6 /* Assets.xcassets in Resources */ = {isa = PBXBuildFile; fileRef = A307A3571C1E8CF60007CCF6 /* Assets.xcassets */; };
		A307A35B1C1E8CF60007CCF6 /* LaunchScreen.storyboard in Resources */ = {isa = PBXBuildFile; fileRef = A307A3591C1E8CF60007CCF6 /* LaunchScreen.storyboard */; };
		A307A3661C1E8CF60007CCF6 /* HEcollectionPIckviewTests.m in Sources */ = {isa = PBXBuildFile; fileRef = A307A3651C1E8CF60007CCF6 /* HEcollectionPIckviewTests.m */; };
		A307A3711C1E8CF60007CCF6 /* HEcollectionPIckviewUITests.m in Sources */ = {isa = PBXBuildFile; fileRef = A307A3701C1E8CF60007CCF6 /* HEcollectionPIckviewUITests.m */; };
		A307A3801C1E8D420007CCF6 /* HECollecPicker.m in Sources */ = {isa = PBXBuildFile; fileRef = A307A37F1C1E8D420007CCF6 /* HECollecPicker.m */; };
		A307A3891C1E8E430007CCF6 /* HEFoodPickCell.m in Sources */ = {isa = PBXBuildFile; fileRef = A307A3871C1E8E430007CCF6 /* HEFoodPickCell.m */; };
		A307A38A1C1E8E430007CCF6 /* HEFoodPickCell.xib in Resources */ = {isa = PBXBuildFile; fileRef = A307A3881C1E8E430007CCF6 /* HEFoodPickCell.xib */; };
		A307A38D1C1E8F210007CCF6 /* HEFoodLayout.m in Sources */ = {isa = PBXBuildFile; fileRef = A307A38C1C1E8F210007CCF6 /* HEFoodLayout.m */; };
/* End PBXBuildFile section */

/* Begin PBXContainerItemProxy section */
		A307A3621C1E8CF60007CCF6 /* PBXContainerItemProxy */ = {
			isa = PBXContainerItemProxy;
			containerPortal = A307A3401C1E8CF60007CCF6 /* Project object */;
			proxyType = 1;
			remoteGlobalIDString = A307A3471C1E8CF60007CCF6;
			remoteInfo = HEcollectionPIckview;
		};
		A307A36D1C1E8CF60007CCF6 /* PBXContainerItemProxy */ = {
			isa = PBXContainerItemProxy;
			containerPortal = A307A3401C1E8CF60007CCF6 /* Project object */;
			proxyType = 1;
			remoteGlobalIDString = A307A3471C1E8CF60007CCF6;
			remoteInfo = HEcollectionPIckview;
		};
/* End PBXContainerItemProxy section */

/* Begin PBXFileReference section */
		A307A3481C1E8CF60007CCF6 /* HEcollectionPIckview.app */ = {isa = PBXFileReference; explicitFileType = wrapper.application; includeInIndex = 0; path = HEcollectionPIckview.app; sourceTree = BUILT_PRODUCTS_DIR; };
		A307A34C1C1E8CF60007CCF6 /* main.m */ = {isa = PBXFileReference; lastKnownFileType = sourcecode.c.objc; path = main.m; sourceTree = "<group>"; };
		A307A34E1C1E8CF60007CCF6 /* AppDelegate.h */ = {isa = PBXFileReference; lastKnownFileType = sourcecode.c.h; path = AppDelegate.h; sourceTree = "<group>"; };
		A307A34F1C1E8CF60007CCF6 /* AppDelegate.m */ = {isa = PBXFileReference; lastKnownFileType = sourcecode.c.objc; path = AppDelegate.m; sourceTree = "<group>"; };
		A307A3511C1E8CF60007CCF6 /* ViewController.h */ = {isa = PBXFileReference; lastKnownFileType = sourcecode.c.h; path = ViewController.h; sourceTree = "<group>"; };
		A307A3521C1E8CF60007CCF6 /* ViewController.m */ = {isa = PBXFileReference; lastKnownFileType = sourcecode.c.objc; path = ViewController.m; sourceTree = "<group>"; };
		A307A3551C1E8CF60007CCF6 /* Base */ = {isa = PBXFileReference; lastKnownFileType = file.storyboard; name = Base; path = Base.lproj/Main.storyboard; sourceTree = "<group>"; };
		A307A3571C1E8CF60007CCF6 /* Assets.xcassets */ = {isa = PBXFileReference; lastKnownFileType = folder.assetcatalog; path = Assets.xcassets; sourceTree = "<group>"; };
		A307A35A1C1E8CF60007CCF6 /* Base */ = {isa = PBXFileReference; lastKnownFileType = file.storyboard; name = Base; path = Base.lproj/LaunchScreen.storyboard; sourceTree = "<group>"; };
		A307A35C1C1E8CF60007CCF6 /* Info.plist */ = {isa = PBXFileReference; lastKnownFileType = text.plist.xml; path = Info.plist; sourceTree = "<group>"; };
		A307A3611C1E8CF60007CCF6 /* HEcollectionPIckviewTests.xctest */ = {isa = PBXFileReference; explicitFileType = wrapper.cfbundle; includeInIndex = 0; path = HEcollectionPIckviewTests.xctest; sourceTree = BUILT_PRODUCTS_DIR; };
		A307A3651C1E8CF60007CCF6 /* HEcollectionPIckviewTests.m */ = {isa = PBXFileReference; lastKnownFileType = sourcecode.c.objc; path = HEcollectionPIckviewTests.m; sourceTree = "<group>"; };
		A307A3671C1E8CF60007CCF6 /* Info.plist */ = {isa = PBXFileReference; lastKnownFileType = text.plist.xml; path = Info.plist; sourceTree = "<group>"; };
		A307A36C1C1E8CF60007CCF6 /* HEcollectionPIckviewUITests.xctest */ = {isa = PBXFileReference; explicitFileType = wrapper.cfbundle; includeInIndex = 0; path = HEcollectionPIckviewUITests.xctest; sourceTree = BUILT_PRODUCTS_DIR; };
		A307A3701C1E8CF60007CCF6 /* HEcollectionPIckviewUITests.m */ = {isa = PBXFileReference; lastKnownFileType = sourcecode.c.objc; path = HEcollectionPIckviewUITests.m; sourceTree = "<group>"; };
		A307A3721C1E8CF60007CCF6 /* Info.plist */ = {isa = PBXFileReference; lastKnownFileType = text.plist.xml; path = Info.plist; sourceTree = "<group>"; };
		A307A37E1C1E8D420007CCF6 /* HECollecPicker.h */ = {isa = PBXFileReference; fileEncoding = 4; lastKnownFileType = sourcecode.c.h; path = HECollecPicker.h; sourceTree = "<group>"; };
		A307A37F1C1E8D420007CCF6 /* HECollecPicker.m */ = {isa = PBXFileReference; fileEncoding = 4; lastKnownFileType = sourcecode.c.objc; path = HECollecPicker.m; sourceTree = "<group>"; };
		A307A3861C1E8E430007CCF6 /* HEFoodPickCell.h */ = {isa = PBXFileReference; fileEncoding = 4; lastKnownFileType = sourcecode.c.h; name = HEFoodPickCell.h; path = ../HEFoodPickCell.h; sourceTree = "<group>"; };
		A307A3871C1E8E430007CCF6 /* HEFoodPickCell.m */ = {isa = PBXFileReference; fileEncoding = 4; lastKnownFileType = sourcecode.c.objc; name = HEFoodPickCell.m; path = ../HEFoodPickCell.m; sourceTree = "<group>"; };
		A307A3881C1E8E430007CCF6 /* HEFoodPickCell.xib */ = {isa = PBXFileReference; fileEncoding = 4; lastKnownFileType = file.xib; name = HEFoodPickCell.xib; path = ../HEFoodPickCell.xib; sourceTree = "<group>"; };
		A307A38B1C1E8F210007CCF6 /* HEFoodLayout.h */ = {isa = PBXFileReference; fileEncoding = 4; lastKnownFileType = sourcecode.c.h; path = HEFoodLayout.h; sourceTree = "<group>"; };
		A307A38C1C1E8F210007CCF6 /* HEFoodLayout.m */ = {isa = PBXFileReference; fileEncoding = 4; lastKnownFileType = sourcecode.c.objc; path = HEFoodLayout.m; sourceTree = "<group>"; };
/* End PBXFileReference section */

/* Begin PBXFrameworksBuildPhase section */
		A307A3451C1E8CF60007CCF6 /* Frameworks */ = {
			isa = PBXFrameworksBuildPhase;
			buildActionMask = 2147483647;
			files = (
			);
			runOnlyForDeploymentPostprocessing = 0;
		};
		A307A35E1C1E8CF60007CCF6 /* Frameworks */ = {
			isa = PBXFrameworksBuildPhase;
			buildActionMask = 2147483647;
			files = (
			);
			runOnlyForDeploymentPostprocessing = 0;
		};
		A307A3691C1E8CF60007CCF6 /* Frameworks */ = {
			isa = PBXFrameworksBuildPhase;
			buildActionMask = 2147483647;
			files = (
			);
			runOnlyForDeploymentPostprocessing = 0;
		};
/* End PBXFrameworksBuildPhase section */

/* Begin PBXGroup section */
		A307A33F1C1E8CF60007CCF6 = {
			isa = PBXGroup;
			children = (
				A307A34A1C1E8CF60007CCF6 /* HEcollectionPIckview */,
				A307A3641C1E8CF60007CCF6 /* HEcollectionPIckviewTests */,
				A307A36F1C1E8CF60007CCF6 /* HEcollectionPIckviewUITests */,
				A307A3491C1E8CF60007CCF6 /* Products */,
			);
			sourceTree = "<group>";
		};
		A307A3491C1E8CF60007CCF6 /* Products */ = {
			isa = PBXGroup;
			children = (
				A307A3481C1E8CF60007CCF6 /* HEcollectionPIckview.app */,
				A307A3611C1E8CF60007CCF6 /* HEcollectionPIckviewTests.xctest */,
				A307A36C1C1E8CF60007CCF6 /* HEcollectionPIckviewUITests.xctest */,
			);
			name = Products;
			sourceTree = "<group>";
		};
		A307A34A1C1E8CF60007CCF6 /* HEcollectionPIckview */ = {
			isa = PBXGroup;
			children = (
				A307A34E1C1E8CF60007CCF6 /* AppDelegate.h */,
				A307A34F1C1E8CF60007CCF6 /* AppDelegate.m */,
				A307A3511C1E8CF60007CCF6 /* ViewController.h */,
				A307A3521C1E8CF60007CCF6 /* ViewController.m */,
				A307A38B1C1E8F210007CCF6 /* HEFoodLayout.h */,
				A307A38C1C1E8F210007CCF6 /* HEFoodLayout.m */,
				A307A37E1C1E8D420007CCF6 /* HECollecPicker.h */,
				A307A37F1C1E8D420007CCF6 /* HECollecPicker.m */,
				A307A3861C1E8E430007CCF6 /* HEFoodPickCell.h */,
				A307A3871C1E8E430007CCF6 /* HEFoodPickCell.m */,
				A307A3881C1E8E430007CCF6 /* HEFoodPickCell.xib */,
				A307A3541C1E8CF60007CCF6 /* Main.storyboard */,
				A307A3571C1E8CF60007CCF6 /* Assets.xcassets */,
				A307A3591C1E8CF60007CCF6 /* LaunchScreen.storyboard */,
				A307A35C1C1E8CF60007CCF6 /* Info.plist */,
				A307A34B1C1E8CF60007CCF6 /* Supporting Files */,
			);
			path = HEcollectionPIckview;
			sourceTree = "<group>";
		};
		A307A34B1C1E8CF60007CCF6 /* Supporting Files */ = {
			isa = PBXGroup;
			children = (
				A307A34C1C1E8CF60007CCF6 /* main.m */,
			);
			name = "Supporting Files";
			sourceTree = "<group>";
		};
		A307A3641C1E8CF60007CCF6 /* HEcollectionPIckviewTests */ = {
			isa = PBXGroup;
			children = (
				A307A3651C1E8CF60007CCF6 /* HEcollectionPIckviewTests.m */,
				A307A3671C1E8CF60007CCF6 /* Info.plist */,
			);
			path = HEcollectionPIckviewTests;
			sourceTree = "<group>";
		};
		A307A36F1C1E8CF60007CCF6 /* HEcollectionPIckviewUITests */ = {
			isa = PBXGroup;
			children = (
				A307A3701C1E8CF60007CCF6 /* HEcollectionPIckviewUITests.m */,
				A307A3721C1E8CF60007CCF6 /* Info.plist */,
			);
			path = HEcollectionPIckviewUITests;
			sourceTree = "<group>";
		};
/* End PBXGroup section */

/* Begin PBXNativeTarget section */
		A307A3471C1E8CF60007CCF6 /* HEcollectionPIckview */ = {
			isa = PBXNativeTarget;
			buildConfigurationList = A307A3751C1E8CF60007CCF6 /* Build configuration list for PBXNativeTarget "HEcollectionPIckview" */;
			buildPhases = (
				A307A3441C1E8CF60007CCF6 /* Sources */,
				A307A3451C1E8CF60007CCF6 /* Frameworks */,
				A307A3461C1E8CF60007CCF6 /* Resources */,
			);
			buildRules = (
			);
			dependencies = (
			);
			name = HEcollectionPIckview;
			productName = HEcollectionPIckview;
			productReference = A307A3481C1E8CF60007CCF6 /* HEcollectionPIckview.app */;
			productType = "com.apple.product-type.application";
		};
		A307A3601C1E8CF60007CCF6 /* HEcollectionPIckviewTests */ = {
			isa = PBXNativeTarget;
			buildConfigurationList = A307A3781C1E8CF60007CCF6 /* Build configuration list for PBXNativeTarget "HEcollectionPIckviewTests" */;
			buildPhases = (
				A307A35D1C1E8CF60007CCF6 /* Sources */,
				A307A35E1C1E8CF60007CCF6 /* Frameworks */,
				A307A35F1C1E8CF60007CCF6 /* Resources */,
			);
			buildRules = (
			);
			dependencies = (
				A307A3631C1E8CF60007CCF6 /* PBXTargetDependency */,
			);
			name = HEcollectionPIckviewTests;
			productName = HEcollectionPIckviewTests;
			productReference = A307A3611C1E8CF60007CCF6 /* HEcollectionPIckviewTests.xctest */;
			productType = "com.apple.product-type.bundle.unit-test";
		};
		A307A36B1C1E8CF60007CCF6 /* HEcollectionPIckviewUITests */ = {
			isa = PBXNativeTarget;
			buildConfigurationList = A307A37B1C1E8CF60007CCF6 /* Build configuration list for PBXNativeTarget "HEcollectionPIckviewUITests" */;
			buildPhases = (
				A307A3681C1E8CF60007CCF6 /* Sources */,
				A307A3691C1E8CF60007CCF6 /* Frameworks */,
				A307A36A1C1E8CF60007CCF6 /* Resources */,
			);
			buildRules = (
			);
			dependencies = (
				A307A36E1C1E8CF60007CCF6 /* PBXTargetDependency */,
			);
			name = HEcollectionPIckviewUITests;
			productName = HEcollectionPIckviewUITests;
			productReference = A307A36C1C1E8CF60007CCF6 /* HEcollectionPIckviewUITests.xctest */;
			productType = "com.apple.product-type.bundle.ui-testing";
		};
/* End PBXNativeTarget section */

/* Begin PBXProject section */
		A307A3401C1E8CF60007CCF6 /* Project object */ = {
			isa = PBXProject;
			attributes = {
				LastUpgradeCheck = 0710;
				ORGANIZATIONNAME = zuo;
				TargetAttributes = {
					A307A3471C1E8CF60007CCF6 = {
						CreatedOnToolsVersion = 7.1;
					};
					A307A3601C1E8CF60007CCF6 = {
						CreatedOnToolsVersion = 7.1;
						TestTargetID = A307A3471C1E8CF60007CCF6;
					};
					A307A36B1C1E8CF60007CCF6 = {
						CreatedOnToolsVersion = 7.1;
						TestTargetID = A307A3471C1E8CF60007CCF6;
					};
				};
			};
			buildConfigurationList = A307A3431C1E8CF60007CCF6 /* Build configuration list for PBXProject "HEcollectionPIckview" */;
			compatibilityVersion = "Xcode 3.2";
			developmentRegion = English;
			hasScannedForEncodings = 0;
			knownRegions = (
				en,
				Base,
			);
			mainGroup = A307A33F1C1E8CF60007CCF6;
			productRefGroup = A307A3491C1E8CF60007CCF6 /* Products */;
			projectDirPath = "";
			projectRoot = "";
			targets = (
				A307A3471C1E8CF60007CCF6 /* HEcollectionPIckview */,
				A307A3601C1E8CF60007CCF6 /* HEcollectionPIckviewTests */,
				A307A36B1C1E8CF60007CCF6 /* HEcollectionPIckviewUITests */,
			);
		};
/* End PBXProject section */

/* Begin PBXResourcesBuildPhase section */
		A307A3461C1E8CF60007CCF6 /* Resources */ = {
			isa = PBXResourcesBuildPhase;
			buildActionMask = 2147483647;
			files = (
				A307A35B1C1E8CF60007CCF6 /* LaunchScreen.storyboard in Resources */,
				A307A3581C1E8CF60007CCF6 /* Assets.xcassets in Resources */,
				A307A3561C1E8CF60007CCF6 /* Main.storyboard in Resources */,
				A307A38A1C1E8E430007CCF6 /* HEFoodPickCell.xib in Resources */,
			);
			runOnlyForDeploymentPostprocessing = 0;
		};
		A307A35F1C1E8CF60007CCF6 /* Resources */ = {
			isa = PBXResourcesBuildPhase;
			buildActionMask = 2147483647;
			files = (
			);
			runOnlyForDeploymentPostprocessing = 0;
		};
		A307A36A1C1E8CF60007CCF6 /* Resources */ = {
			isa = PBXResourcesBuildPhase;
			buildActionMask = 2147483647;
			files = (
			);
			runOnlyForDeploymentPostprocessing = 0;
		};
/* End PBXResourcesBuildPhase section */

/* Begin PBXSourcesBuildPhase section */
		A307A3441C1E8CF60007CCF6 /* Sources */ = {
			isa = PBXSourcesBuildPhase;
			buildActionMask = 2147483647;
			files = (
				A307A3801C1E8D420007CCF6 /* HECollecPicker.m in Sources */,
				A307A3531C1E8CF60007CCF6 /* ViewController.m in Sources */,
				A307A38D1C1E8F210007CCF6 /* HEFoodLayout.m in Sources */,
				A307A3501C1E8CF60007CCF6 /* AppDelegate.m in Sources */,
				A307A3891C1E8E430007CCF6 /* HEFoodPickCell.m in Sources */,
				A307A34D1C1E8CF60007CCF6 /* main.m in Sources */,
			);
			runOnlyForDeploymentPostprocessing = 0;
		};
		A307A35D1C1E8CF60007CCF6 /* Sources */ = {
			isa = PBXSourcesBuildPhase;
			buildActionMask = 2147483647;
			files = (
				A307A3661C1E8CF60007CCF6 /* HEcollectionPIckviewTests.m in Sources */,
			);
			runOnlyForDeploymentPostprocessing = 0;
		};
		A307A3681C1E8CF60007CCF6 /* Sources */ = {
			isa = PBXSourcesBuildPhase;
			buildActionMask = 2147483647;
			files = (
				A307A3711C1E8CF60007CCF6 /* HEcollectionPIckviewUITests.m in Sources */,
			);
			runOnlyForDeploymentPostprocessing = 0;
		};
/* End PBXSourcesBuildPhase section */

/* Begin PBXTargetDependency section */
		A307A3631C1E8CF60007CCF6 /* PBXTargetDependency */ = {
			isa = PBXTargetDependency;
			target = A307A3471C1E8CF60007CCF6 /* HEcollectionPIckview */;
			targetProxy = A307A3621C1E8CF60007CCF6 /* PBXContainerItemProxy */;
		};
		A307A36E1C1E8CF60007CCF6 /* PBXTargetDependency */ = {
			isa = PBXTargetDependency;
			target = A307A3471C1E8CF60007CCF6 /* HEcollectionPIckview */;
			targetProxy = A307A36D1C1E8CF60007CCF6 /* PBXContainerItemProxy */;
		};
/* End PBXTargetDependency section */

/* Begin PBXVariantGroup section */
		A307A3541C1E8CF60007CCF6 /* Main.storyboard */ = {
			isa = PBXVariantGroup;
			children = (
				A307A3551C1E8CF60007CCF6 /* Base */,
			);
			name = Main.storyboard;
			sourceTree = "<group>";
		};
		A307A3591C1E8CF60007CCF6 /* LaunchScreen.storyboard */ = {
			isa = PBXVariantGroup;
			children = (
				A307A35A1C1E8CF60007CCF6 /* Base */,
			);
			name = LaunchScreen.storyboard;
			sourceTree = "<group>";
		};
/* End PBXVariantGroup section */

/* Begin XCBuildConfiguration section */
		A307A3731C1E8CF60007CCF6 /* Debug */ = {
			isa = XCBuildConfiguration;
			buildSettings = {
				ALWAYS_SEARCH_USER_PATHS = NO;
				CLANG_CXX_LANGUAGE_STANDARD = "gnu++0x";
				CLANG_CXX_LIBRARY = "libc++";
				CLANG_ENABLE_MODULES = YES;
				CLANG_ENABLE_OBJC_ARC = YES;
				CLANG_WARN_BOOL_CONVERSION = YES;
				CLANG_WARN_CONSTANT_CONVERSION = YES;
				CLANG_WARN_DIRECT_OBJC_ISA_USAGE = YES_ERROR;
				CLANG_WARN_EMPTY_BODY = YES;
				CLANG_WARN_ENUM_CONVERSION = YES;
				CLANG_WARN_INT_CONVERSION = YES;
				CLANG_WARN_OBJC_ROOT_CLASS = YES_ERROR;
				CLANG_WARN_UNREACHABLE_CODE = YES;
				CLANG_WARN__DUPLICATE_METHOD_MATCH = YES;
				"CODE_SIGN_IDENTITY[sdk=iphoneos*]" = "iPhone Developer";
				COPY_PHASE_STRIP = NO;
				DEBUG_INFORMATION_FORMAT = dwarf;
				ENABLE_STRICT_OBJC_MSGSEND = YES;
				ENABLE_TESTABILITY = YES;
				GCC_C_LANGUAGE_STANDARD = gnu99;
				GCC_DYNAMIC_NO_PIC = NO;
				GCC_NO_COMMON_BLOCKS = YES;
				GCC_OPTIMIZATION_LEVEL = 0;
				GCC_PREPROCESSOR_DEFINITIONS = (
					"DEBUG=1",
					"$(inherited)",
				);
				GCC_WARN_64_TO_32_BIT_CONVERSION = YES;
				GCC_WARN_ABOUT_RETURN_TYPE = YES_ERROR;
				GCC_WARN_UNDECLARED_SELECTOR = YES;
				GCC_WARN_UNINITIALIZED_AUTOS = YES_AGGRESSIVE;
				GCC_WARN_UNUSED_FUNCTION = YES;
				GCC_WARN_UNUSED_VARIABLE = YES;
				IPHONEOS_DEPLOYMENT_TARGET = 9.1;
				MTL_ENABLE_DEBUG_INFO = YES;
				ONLY_ACTIVE_ARCH = YES;
				SDKROOT = iphoneos;
				TARGETED_DEVICE_FAMILY = "1,2";
			};
			name = Debug;
		};
		A307A3741C1E8CF60007CCF6 /* Release */ = {
			isa = XCBuildConfiguration;
			buildSettings = {
				ALWAYS_SEARCH_USER_PATHS = NO;
				CLANG_CXX_LANGUAGE_STANDARD = "gnu++0x";
				CLANG_CXX_LIBRARY = "libc++";
				CLANG_ENABLE_MODULES = YES;
				CLANG_ENABLE_OBJC_ARC = YES;
				CLANG_WARN_BOOL_CONVERSION = YES;
				CLANG_WARN_CONSTANT_CONVERSION = YES;
				CLANG_WARN_DIRECT_OBJC_ISA_USAGE = YES_ERROR;
				CLANG_WARN_EMPTY_BODY = YES;
				CLANG_WARN_ENUM_CONVERSION = YES;
				CLANG_WARN_INT_CONVERSION = YES;
				CLANG_WARN_OBJC_ROOT_CLASS = YES_ERROR;
				CLANG_WARN_UNREACHABLE_CODE = YES;
				CLANG_WARN__DUPLICATE_METHOD_MATCH = YES;
				"CODE_SIGN_IDENTITY[sdk=iphoneos*]" = "iPhone Developer";
				COPY_PHASE_STRIP = NO;
				DEBUG_INFORMATION_FORMAT = "dwarf-with-dsym";
				ENABLE_NS_ASSERTIONS = NO;
				ENABLE_STRICT_OBJC_MSGSEND = YES;
				GCC_C_LANGUAGE_STANDARD = gnu99;
				GCC_NO_COMMON_BLOCKS = YES;
				GCC_WARN_64_TO_32_BIT_CONVERSION = YES;
				GCC_WARN_ABOUT_RETURN_TYPE = YES_ERROR;
				GCC_WARN_UNDECLARED_SELECTOR = YES;
				GCC_WARN_UNINITIALIZED_AUTOS = YES_AGGRESSIVE;
				GCC_WARN_UNUSED_FUNCTION = YES;
				GCC_WARN_UNUSED_VARIABLE = YES;
				IPHONEOS_DEPLOYMENT_TARGET = 9.1;
				MTL_ENABLE_DEBUG_INFO = NO;
				SDKROOT = iphoneos;
				TARGETED_DEVICE_FAMILY = "1,2";
				VALIDATE_PRODUCT = YES;
			};
			name = Release;
		};
		A307A3761C1E8CF60007CCF6 /* Debug */ = {
			isa = XCBuildConfiguration;
			buildSettings = {
				ASSETCATALOG_COMPILER_APPICON_NAME = AppIcon;
				INFOPLIST_FILE = HEcollectionPIckview/Info.plist;
				IPHONEOS_DEPLOYMENT_TARGET = 8.0;
				LD_RUNPATH_SEARCH_PATHS = "$(inherited) @executable_path/Frameworks";
				PRODUCT_BUNDLE_IDENTIFIER = com.haier.www.HEcollectionPIckview;
				PRODUCT_NAME = "$(TARGET_NAME)";
			};
			name = Debug;
		};
		A307A3771C1E8CF60007CCF6 /* Release */ = {
			isa = XCBuildConfiguration;
			buildSettings = {
				ASSETCATALOG_COMPILER_APPICON_NAME = AppIcon;
				INFOPLIST_FILE = HEcollectionPIckview/Info.plist;
				IPHONEOS_DEPLOYMENT_TARGET = 8.0;
				LD_RUNPATH_SEARCH_PATHS = "$(inherited) @executable_path/Frameworks";
				PRODUCT_BUNDLE_IDENTIFIER = com.haier.www.HEcollectionPIckview;
				PRODUCT_NAME = "$(TARGET_NAME)";
			};
			name = Release;
		};
		A307A3791C1E8CF60007CCF6 /* Debug */ = {
			isa = XCBuildConfiguration;
			buildSettings = {
				BUNDLE_LOADER = "$(TEST_HOST)";
				INFOPLIST_FILE = HEcollectionPIckviewTests/Info.plist;
				LD_RUNPATH_SEARCH_PATHS = "$(inherited) @executable_path/Frameworks @loader_path/Frameworks";
				PRODUCT_BUNDLE_IDENTIFIER = com.haier.www.HEcollectionPIckviewTests;
				PRODUCT_NAME = "$(TARGET_NAME)";
				TEST_HOST = "$(BUILT_PRODUCTS_DIR)/HEcollectionPIckview.app/HEcollectionPIckview";
			};
			name = Debug;
		};
		A307A37A1C1E8CF60007CCF6 /* Release */ = {
			isa = XCBuildConfiguration;
			buildSettings = {
				BUNDLE_LOADER = "$(TEST_HOST)";
				INFOPLIST_FILE = HEcollectionPIckviewTests/Info.plist;
				LD_RUNPATH_SEARCH_PATHS = "$(inherited) @executable_path/Frameworks @loader_path/Frameworks";
				PRODUCT_BUNDLE_IDENTIFIER = com.haier.www.HEcollectionPIckviewTests;
				PRODUCT_NAME = "$(TARGET_NAME)";
				TEST_HOST = "$(BUILT_PRODUCTS_DIR)/HEcollectionPIckview.app/HEcollectionPIckview";
			};
			name = Release;
		};
		A307A37C1C1E8CF60007CCF6 /* Debug */ = {
			isa = XCBuildConfiguration;
			buildSettings = {
				INFOPLIST_FILE = HEcollectionPIckviewUITests/Info.plist;
				LD_RUNPATH_SEARCH_PATHS = "$(inherited) @executable_path/Frameworks @loader_path/Frameworks";
				PRODUCT_BUNDLE_IDENTIFIER = com.haier.www.HEcollectionPIckviewUITests;
				PRODUCT_NAME = "$(TARGET_NAME)";
				TEST_TARGET_NAME = HEcollectionPIckview;
				USES_XCTRUNNER = YES;
			};
			name = Debug;
		};
		A307A37D1C1E8CF60007CCF6 /* Release */ = {
			isa = XCBuildConfiguration;
			buildSettings = {
				INFOPLIST_FILE = HEcollectionPIckviewUITests/Info.plist;
				LD_RUNPATH_SEARCH_PATHS = "$(inherited) @executable_path/Frameworks @loader_path/Frameworks";
				PRODUCT_BUNDLE_IDENTIFIER = com.haier.www.HEcollectionPIckviewUITests;
				PRODUCT_NAME = "$(TARGET_NAME)";
				TEST_TARGET_NAME = HEcollectionPIckview;
				USES_XCTRUNNER = YES;
			};
			name = Release;
		};
/* End XCBuildConfiguration section */

/* Begin XCConfigurationList section */
		A307A3431C1E8CF60007CCF6 /* Build configuration list for PBXProject "HEcollectionPIckview" */ = {
			isa = XCConfigurationList;
			buildConfigurations = (
				A307A3731C1E8CF60007CCF6 /* Debug */,
				A307A3741C1E8CF60007CCF6 /* Release */,
			);
			defaultConfigurationIsVisible = 0;
			defaultConfigurationName = Release;
		};
		A307A3751C1E8CF60007CCF6 /* Build configuration list for PBXNativeTarget "HEcollectionPIckview" */ = {
			isa = XCConfigurationList;
			buildConfigurations = (
				A307A3761C1E8CF60007CCF6 /* Debug */,
				A307A3771C1E8CF60007CCF6 /* Release */,
			);
			defaultConfigurationIsVisible = 0;
		};
		A307A3781C1E8CF60007CCF6 /* Build configuration list for PBXNativeTarget "HEcollectionPIckviewTests" */ = {
			isa = XCConfigurationList;
			buildConfigurations = (
				A307A3791C1E8CF60007CCF6 /* Debug */,
				A307A37A1C1E8CF60007CCF6 /* Release */,
			);
			defaultConfigurationIsVisible = 0;
		};
		A307A37B1C1E8CF60007CCF6 /* Build configuration list for PBXNativeTarget "HEcollectionPIckviewUITests" */ = {
			isa = XCConfigurationList;
			buildConfigurations = (
				A307A37C1C1E8CF60007CCF6 /* Debug */,
				A307A37D1C1E8CF60007CCF6 /* Release */,
			);
			defaultConfigurationIsVisible = 0;
		};
/* End XCConfigurationList section */
	};
	rootObject = A307A3401C1E8CF60007CCF6 /* Project object */;
}
